
Microsoft Visual Studio Solution File, Format Version 12.00
# Visual Studio 15
VisualStudioVersion = 15.0.26124.0
MinimumVisualStudioVersion = 15.0.26124.0
Project("{FAE04EC0-301F-11D3-BF4B-00C04F79EFBC}") = "MathLibrary", "MathLibrary\MathLibrary.csproj", "{21A5A79C-7BC6-463C-B9F8-5304E7297B65}"
EndProject
Project("{FAE04EC0-301F-11D3-BF4B-00C04F79EFBC}") = "MathTests", "MathTests\MathTests.csproj", "{A4515FC7-ED9D-439B-9B96-76E084715197}"
EndProject
Global
	GlobalSection(SolutionConfigurationPlatforms) = preSolution
		Debug|Any CPU = Debug|Any CPU
		Debug|x64 = Debug|x64
		Debug|x86 = Debug|x86
		Release|Any CPU = Release|Any CPU
		Release|x64 = Release|x64
		Release|x86 = Release|x86
	EndGlobalSection
	GlobalSection(SolutionProperties) = preSolution
		HideSolutionNode = FALSE
	EndGlobalSection
	GlobalSection(ProjectConfigurationPlatforms) = postSolution
		{21A5A79C-7BC6-463C-B9F8-5304E7297B65}.Debug|Any CPU.ActiveCfg = Debug|Any CPU
		{21A5A79C-7BC6-463C-B9F8-5304E7297B65}.Debug|Any CPU.Build.0 = Debug|Any CPU
		{21A5A79C-7BC6-463C-B9F8-5304E7297B65}.Debug|x64.ActiveCfg = Debug|Any CPU
		{21A5A79C-7BC6-463C-B9F8-5304E7297B65}.Debug|x64.Build.0 = Debug|Any CPU
		{21A5A79C-7BC6-463C-B9F8-5304E7297B65}.Debug|x86.ActiveCfg = Debug|Any CPU
		{21A5A79C-7BC6-463C-B9F8-5304E7297B65}.Debug|x86.Build.0 = Debug|Any CPU
		{21A5A79C-7BC6-463C-B9F8-5304E7297B65}.Release|Any CPU.ActiveCfg = Release|Any CPU
		{21A5A79C-7BC6-463C-B9F8-5304E7297B65}.Release|Any CPU.Build.0 = Release|Any CPU
		{21A5A79C-7BC6-463C-B9F8-5304E7297B65}.Release|x64.ActiveCfg = Release|Any CPU
		{21A5A79C-7BC6-463C-B9F8-5304E7297B65}.Release|x64.Build.0 = Release|Any CPU
		{21A5A79C-7BC6-463C-B9F8-5304E7297B65}.Release|x86.ActiveCfg = Release|Any CPU
		{21A5A79C-7BC6-463C-B9F8-5304E7297B65}.Release|x86.Build.0 = Release|Any CPU
		{A4515FC7-ED9D-439B-9B96-76E084715197}.Debug|Any CPU.ActiveCfg = Debug|Any CPU
		{A4515FC7-ED9D-439B-9B96-76E084715197}.Debug|Any CPU.Build.0 = Debug|Any CPU
		{A4515FC7-ED9D-439B-9B96-76E084715197}.Debug|x64.ActiveCfg = Debug|Any CPU
		{A4515FC7-ED9D-439B-9B96-76E084715197}.Debug|x64.Build.0 = Debug|Any CPU
		{A4515FC7-ED9D-439B-9B96-76E084715197}.Debug|x86.ActiveCfg = Debug|Any CPU
		{A4515FC7-ED9D-439B-9B96-76E084715197}.Debug|x86.Build.0 = Debug|Any CPU
		{A4515FC7-ED9D-439B-9B96-76E084715197}.Release|Any CPU.ActiveCfg = Release|Any CPU
		{A4515FC7-ED9D-439B-9B96-76E084715197}.Release|Any CPU.Build.0 = Release|Any CPU
		{A4515FC7-ED9D-439B-9B96-76E084715197}.Release|x64.ActiveCfg = Release|Any CPU
		{A4515FC7-ED9D-439B-9B96-76E084715197}.Release|x64.Build.0 = Release|Any CPU
		{A4515FC7-ED9D-439B-9B96-76E084715197}.Release|x86.ActiveCfg = Release|Any CPU
		{A4515FC7-ED9D-439B-9B96-76E084715197}.Release|x86.Build.0 = Release|Any CPU
	EndGlobalSection
EndGlobal
